
Microsoft Visual Studio Solution File, Format Version 12.00
# Visual Studio Version 17
VisualStudioVersion = 17.10.35122.118
MinimumVisualStudioVersion = 10.0.40219.1
Project("{FAE04EC0-301F-11D3-BF4B-00C04F79EFBC}") = "PracticeLinq", "PracticeLinq.csproj", "{D8C3E5BA-891C-4631-9D3F-DCAD29506F96}"
EndProject
Global
	GlobalSection(SolutionConfigurationPlatforms) = preSolution
		Debug|Any CPU = Debug|Any CPU
		Release|Any CPU = Release|Any CPU
	EndGlobalSection
	GlobalSection(ProjectConfigurationPlatforms) = postSolution
		{D8C3E5BA-891C-4631-9D3F-DCAD29506F96}.Debug|Any CPU.ActiveCfg = Debug|Any CPU
		{D8C3E5BA-891C-4631-9D3F-DCAD29506F96}.Debug|Any CPU.Build.0 = Debug|Any CPU
		{D8C3E5BA-891C-4631-9D3F-DCAD29506F96}.Release|Any CPU.ActiveCfg = Release|Any CPU
		{D8C3E5BA-891C-4631-9D3F-DCAD29506F96}.Release|Any CPU.Build.0 = Release|Any CPU
	EndGlobalSection
	GlobalSection(SolutionProperties) = preSolution
		HideSolutionNode = FALSE
	EndGlobalSection
	GlobalSection(ExtensibilityGlobals) = postSolution
		SolutionGuid = {1134BF4E-31E1-45A1-AB7F-47964C4DDDF2}
	EndGlobalSection
EndGlobal
